// !$*UTF8*$!
{
	archiveVersion = 1;
	classes = {
	};
	objectVersion = 46;
	objects = {

/* Begin PBXBuildFile section */
		246DBBCA1DB6914A0080EB94 /* AppDelegate.swift in Sources */ = {isa = PBXBuildFile; fileRef = 246DBBC91DB6914A0080EB94 /* AppDelegate.swift */; };
		246DBBCC1DB6914A0080EB94 /* ViewController.swift in Sources */ = {isa = PBXBuildFile; fileRef = 246DBBCB1DB6914A0080EB94 /* ViewController.swift */; };
		246DBBCF1DB6914A0080EB94 /* Main.storyboard in Resources */ = {isa = PBXBuildFile; fileRef = 246DBBCD1DB6914A0080EB94 /* Main.storyboard */; };
		246DBBD11DB6914A0080EB94 /* Assets.xcassets in Resources */ = {isa = PBXBuildFile; fileRef = 246DBBD01DB6914A0080EB94 /* Assets.xcassets */; };
		246DBBD41DB6914A0080EB94 /* LaunchScreen.storyboard in Resources */ = {isa = PBXBuildFile; fileRef = 246DBBD21DB6914A0080EB94 /* LaunchScreen.storyboard */; };
		246DBBDF1DB6914A0080EB94 /* SBTimeLabelTests.swift in Sources */ = {isa = PBXBuildFile; fileRef = 246DBBDE1DB6914A0080EB94 /* SBTimeLabelTests.swift */; };
		246DBBEB1DB6937F0080EB94 /* SBTimeLabel.swift in Sources */ = {isa = PBXBuildFile; fileRef = 246DBBEA1DB6937F0080EB94 /* SBTimeLabel.swift */; };
/* End PBXBuildFile section */

/* Begin PBXContainerItemProxy section */
		246DBBDB1DB6914A0080EB94 /* PBXContainerItemProxy */ = {
			isa = PBXContainerItemProxy;
			containerPortal = 246DBBBE1DB6914A0080EB94 /* Project object */;
			proxyType = 1;
			remoteGlobalIDString = 246DBBC51DB6914A0080EB94;
			remoteInfo = SBTimeLabel;
		};
/* End PBXContainerItemProxy section */

/* Begin PBXFileReference section */
		246DBBC61DB6914A0080EB94 /* SBTimeLabel.app */ = {isa = PBXFileReference; explicitFileType = wrapper.application; includeInIndex = 0; path = SBTimeLabel.app; sourceTree = BUILT_PRODUCTS_DIR; };
		246DBBC91DB6914A0080EB94 /* AppDelegate.swift */ = {isa = PBXFileReference; lastKnownFileType = sourcecode.swift; path = AppDelegate.swift; sourceTree = "<group>"; };
		246DBBCB1DB6914A0080EB94 /* ViewController.swift */ = {isa = PBXFileReference; lastKnownFileType = sourcecode.swift; path = ViewController.swift; sourceTree = "<group>"; };
		246DBBCE1DB6914A0080EB94 /* Base */ = {isa = PBXFileReference; lastKnownFileType = file.storyboard; name = Base; path = Base.lproj/Main.storyboard; sourceTree = "<group>"; };
		246DBBD01DB6914A0080EB94 /* Assets.xcassets */ = {isa = PBXFileReference; lastKnownFileType = folder.assetcatalog; path = Assets.xcassets; sourceTree = "<group>"; };
		246DBBD31DB6914A0080EB94 /* Base */ = {isa = PBXFileReference; lastKnownFileType = file.storyboard; name = Base; path = Base.lproj/LaunchScreen.storyboard; sourceTree = "<group>"; };
		246DBBD51DB6914A0080EB94 /* Info.plist */ = {isa = PBXFileReference; lastKnownFileType = text.plist.xml; name = Info.plist; path = SBTimeLabel/Info.plist; sourceTree = SOURCE_ROOT; };
		246DBBDA1DB6914A0080EB94 /* SBTimeLabelTests.xctest */ = {isa = PBXFileReference; explicitFileType = wrapper.cfbundle; includeInIndex = 0; path = SBTimeLabelTests.xctest; sourceTree = BUILT_PRODUCTS_DIR; };
		246DBBDE1DB6914A0080EB94 /* SBTimeLabelTests.swift */ = {isa = PBXFileReference; lastKnownFileType = sourcecode.swift; path = SBTimeLabelTests.swift; sourceTree = "<group>"; };
		246DBBE01DB6914A0080EB94 /* Info.plist */ = {isa = PBXFileReference; lastKnownFileType = text.plist.xml; name = Info.plist; path = SBTimeLabelTests/Info.plist; sourceTree = SOURCE_ROOT; };
		246DBBEA1DB6937F0080EB94 /* SBTimeLabel.swift */ = {isa = PBXFileReference; fileEncoding = 4; lastKnownFileType = sourcecode.swift; name = SBTimeLabel.swift; path = SBTimeLabel/SBTimeLabel.swift; sourceTree = "<group>"; };
/* End PBXFileReference section */

/* Begin PBXFrameworksBuildPhase section */
		246DBBC31DB6914A0080EB94 /* Frameworks */ = {
			isa = PBXFrameworksBuildPhase;
			buildActionMask = 2147483647;
			files = (
			);
			runOnlyForDeploymentPostprocessing = 0;
		};
		246DBBD71DB6914A0080EB94 /* Frameworks */ = {
			isa = PBXFrameworksBuildPhase;
			buildActionMask = 2147483647;
			files = (
			);
			runOnlyForDeploymentPostprocessing = 0;
		};
/* End PBXFrameworksBuildPhase section */

/* Begin PBXGroup section */
		246DBBBD1DB6914A0080EB94 = {
			isa = PBXGroup;
			children = (
				246DBBC81DB6914A0080EB94 /* SBTimeLabel */,
				246DBBDD1DB6914A0080EB94 /* SBTimeLabelTests */,
				246DBBC71DB6914A0080EB94 /* Products */,
			);
			sourceTree = "<group>";
		};
		246DBBC71DB6914A0080EB94 /* Products */ = {
			isa = PBXGroup;
			children = (
				246DBBC61DB6914A0080EB94 /* SBTimeLabel.app */,
				246DBBDA1DB6914A0080EB94 /* SBTimeLabelTests.xctest */,
			);
			name = Products;
			sourceTree = "<group>";
		};
		246DBBC81DB6914A0080EB94 /* SBTimeLabel */ = {
			isa = PBXGroup;
			children = (
				246DBBE91DB6935A0080EB94 /* SBTimeLabel */,
				246DBBC91DB6914A0080EB94 /* AppDelegate.swift */,
				246DBBCB1DB6914A0080EB94 /* ViewController.swift */,
				246DBBCD1DB6914A0080EB94 /* Main.storyboard */,
				246DBBD01DB6914A0080EB94 /* Assets.xcassets */,
				246DBBD21DB6914A0080EB94 /* LaunchScreen.storyboard */,
				246DBBD51DB6914A0080EB94 /* Info.plist */,
			);
			path = SBTimeLabel;
			sourceTree = "<group>";
		};
		246DBBDD1DB6914A0080EB94 /* SBTimeLabelTests */ = {
			isa = PBXGroup;
			children = (
				246DBBDE1DB6914A0080EB94 /* SBTimeLabelTests.swift */,
				246DBBE01DB6914A0080EB94 /* Info.plist */,
			);
			path = SBTimeLabelTests;
			sourceTree = "<group>";
		};
		246DBBE91DB6935A0080EB94 /* SBTimeLabel */ = {
			isa = PBXGroup;
			children = (
				246DBBEA1DB6937F0080EB94 /* SBTimeLabel.swift */,
			);
			name = SBTimeLabel;
			sourceTree = "<group>";
		};
/* End PBXGroup section */

/* Begin PBXNativeTarget section */
		246DBBC51DB6914A0080EB94 /* SBTimeLabel */ = {
			isa = PBXNativeTarget;
			buildConfigurationList = 246DBBE31DB6914A0080EB94 /* Build configuration list for PBXNativeTarget "SBTimeLabel" */;
			buildPhases = (
				246DBBC21DB6914A0080EB94 /* Sources */,
				246DBBC31DB6914A0080EB94 /* Frameworks */,
				246DBBC41DB6914A0080EB94 /* Resources */,
			);
			buildRules = (
			);
			dependencies = (
			);
			name = SBTimeLabel;
			productName = SBTimeLabel;
			productReference = 246DBBC61DB6914A0080EB94 /* SBTimeLabel.app */;
			productType = "com.apple.product-type.application";
		};
		246DBBD91DB6914A0080EB94 /* SBTimeLabelTests */ = {
			isa = PBXNativeTarget;
			buildConfigurationList = 246DBBE61DB6914A0080EB94 /* Build configuration list for PBXNativeTarget "SBTimeLabelTests" */;
			buildPhases = (
				246DBBD61DB6914A0080EB94 /* Sources */,
				246DBBD71DB6914A0080EB94 /* Frameworks */,
				246DBBD81DB6914A0080EB94 /* Resources */,
			);
			buildRules = (
			);
			dependencies = (
				246DBBDC1DB6914A0080EB94 /* PBXTargetDependency */,
			);
			name = SBTimeLabelTests;
			productName = SBTimeLabelTests;
			productReference = 246DBBDA1DB6914A0080EB94 /* SBTimeLabelTests.xctest */;
			productType = "com.apple.product-type.bundle.unit-test";
		};
/* End PBXNativeTarget section */

/* Begin PBXProject section */
		246DBBBE1DB6914A0080EB94 /* Project object */ = {
			isa = PBXProject;
			attributes = {
				LastSwiftUpdateCheck = 0800;
				LastUpgradeCheck = 0800;
				ORGANIZATIONNAME = "Steven Baughman";
				TargetAttributes = {
					246DBBC51DB6914A0080EB94 = {
						CreatedOnToolsVersion = 8.0;
						ProvisioningStyle = Automatic;
					};
					246DBBD91DB6914A0080EB94 = {
						CreatedOnToolsVersion = 8.0;
						ProvisioningStyle = Automatic;
						TestTargetID = 246DBBC51DB6914A0080EB94;
					};
				};
			};
			buildConfigurationList = 246DBBC11DB6914A0080EB94 /* Build configuration list for PBXProject "SBTimeLabel" */;
			compatibilityVersion = "Xcode 3.2";
			developmentRegion = English;
			hasScannedForEncodings = 0;
			knownRegions = (
				en,
				Base,
			);
			mainGroup = 246DBBBD1DB6914A0080EB94;
			productRefGroup = 246DBBC71DB6914A0080EB94 /* Products */;
			projectDirPath = "";
			projectRoot = "";
			targets = (
				246DBBC51DB6914A0080EB94 /* SBTimeLabel */,
				246DBBD91DB6914A0080EB94 /* SBTimeLabelTests */,
			);
		};
/* End PBXProject section */

/* Begin PBXResourcesBuildPhase section */
		246DBBC41DB6914A0080EB94 /* Resources */ = {
			isa = PBXResourcesBuildPhase;
			buildActionMask = 2147483647;
			files = (
				246DBBD41DB6914A0080EB94 /* LaunchScreen.storyboard in Resources */,
				246DBBD11DB6914A0080EB94 /* Assets.xcassets in Resources */,
				246DBBCF1DB6914A0080EB94 /* Main.storyboard in Resources */,
			);
			runOnlyForDeploymentPostprocessing = 0;
		};
		246DBBD81DB6914A0080EB94 /* Resources */ = {
			isa = PBXResourcesBuildPhase;
			buildActionMask = 2147483647;
			files = (
			);
			runOnlyForDeploymentPostprocessing = 0;
		};
/* End PBXResourcesBuildPhase section */

/* Begin PBXSourcesBuildPhase section */
		246DBBC21DB6914A0080EB94 /* Sources */ = {
			isa = PBXSourcesBuildPhase;
			buildActionMask = 2147483647;
			files = (
				246DBBCC1DB6914A0080EB94 /* ViewController.swift in Sources */,
				246DBBEB1DB6937F0080EB94 /* SBTimeLabel.swift in Sources */,
				246DBBCA1DB6914A0080EB94 /* AppDelegate.swift in Sources */,
			);
			runOnlyForDeploymentPostprocessing = 0;
		};
		246DBBD61DB6914A0080EB94 /* Sources */ = {
			isa = PBXSourcesBuildPhase;
			buildActionMask = 2147483647;
			files = (
				246DBBDF1DB6914A0080EB94 /* SBTimeLabelTests.swift in Sources */,
			);
			runOnlyForDeploymentPostprocessing = 0;
		};
/* End PBXSourcesBuildPhase section */

/* Begin PBXTargetDependency section */
		246DBBDC1DB6914A0080EB94 /* PBXTargetDependency */ = {
			isa = PBXTargetDependency;
			target = 246DBBC51DB6914A0080EB94 /* SBTimeLabel */;
			targetProxy = 246DBBDB1DB6914A0080EB94 /* PBXContainerItemProxy */;
		};
/* End PBXTargetDependency section */

/* Begin PBXVariantGroup section */
		246DBBCD1DB6914A0080EB94 /* Main.storyboard */ = {
			isa = PBXVariantGroup;
			children = (
				246DBBCE1DB6914A0080EB94 /* Base */,
			);
			name = Main.storyboard;
			sourceTree = "<group>";
		};
		246DBBD21DB6914A0080EB94 /* LaunchScreen.storyboard */ = {
			isa = PBXVariantGroup;
			children = (
				246DBBD31DB6914A0080EB94 /* Base */,
			);
			name = LaunchScreen.storyboard;
			sourceTree = "<group>";
		};
/* End PBXVariantGroup section */

/* Begin XCBuildConfiguration section */
		246DBBE11DB6914A0080EB94 /* Debug */ = {
			isa = XCBuildConfiguration;
			buildSettings = {
				ALWAYS_SEARCH_USER_PATHS = NO;
				CLANG_ANALYZER_NONNULL = YES;
				CLANG_CXX_LANGUAGE_STANDARD = "gnu++0x";
				CLANG_CXX_LIBRARY = "libc++";
				CLANG_ENABLE_MODULES = YES;
				CLANG_ENABLE_OBJC_ARC = YES;
				CLANG_WARN_BOOL_CONVERSION = YES;
				CLANG_WARN_CONSTANT_CONVERSION = YES;
				CLANG_WARN_DIRECT_OBJC_ISA_USAGE = YES_ERROR;
				CLANG_WARN_DOCUMENTATION_COMMENTS = YES;
				CLANG_WARN_EMPTY_BODY = YES;
				CLANG_WARN_ENUM_CONVERSION = YES;
				CLANG_WARN_INFINITE_RECURSION = YES;
				CLANG_WARN_INT_CONVERSION = YES;
				CLANG_WARN_OBJC_ROOT_CLASS = YES_ERROR;
				CLANG_WARN_SUSPICIOUS_MOVES = YES;
				CLANG_WARN_UNREACHABLE_CODE = YES;
				CLANG_WARN__DUPLICATE_METHOD_MATCH = YES;
				"CODE_SIGN_IDENTITY[sdk=iphoneos*]" = "iPhone Developer";
				COPY_PHASE_STRIP = NO;
				DEBUG_INFORMATION_FORMAT = dwarf;
				ENABLE_STRICT_OBJC_MSGSEND = YES;
				ENABLE_TESTABILITY = YES;
				GCC_C_LANGUAGE_STANDARD = gnu99;
				GCC_DYNAMIC_NO_PIC = NO;
				GCC_NO_COMMON_BLOCKS = YES;
				GCC_OPTIMIZATION_LEVEL = 0;
				GCC_PREPROCESSOR_DEFINITIONS = (
					"DEBUG=1",
					"$(inherited)",
				);
				GCC_WARN_64_TO_32_BIT_CONVERSION = YES;
				GCC_WARN_ABOUT_RETURN_TYPE = YES_ERROR;
				GCC_WARN_UNDECLARED_SELECTOR = YES;
				GCC_WARN_UNINITIALIZED_AUTOS = YES_AGGRESSIVE;
				GCC_WARN_UNUSED_FUNCTION = YES;
				GCC_WARN_UNUSED_VARIABLE = YES;
				IPHONEOS_DEPLOYMENT_TARGET = 10.0;
				MTL_ENABLE_DEBUG_INFO = YES;
				ONLY_ACTIVE_ARCH = YES;
				SDKROOT = iphoneos;
				SWIFT_ACTIVE_COMPILATION_CONDITIONS = DEBUG;
				SWIFT_OPTIMIZATION_LEVEL = "-Onone";
				TARGETED_DEVICE_FAMILY = "1,2";
			};
			name = Debug;
		};
		246DBBE21DB6914A0080EB94 /* Release */ = {
			isa = XCBuildConfiguration;
			buildSettings = {
				ALWAYS_SEARCH_USER_PATHS = NO;
				CLANG_ANALYZER_NONNULL = YES;
				CLANG_CXX_LANGUAGE_STANDARD = "gnu++0x";
				CLANG_CXX_LIBRARY = "libc++";
				CLANG_ENABLE_MODULES = YES;
				CLANG_ENABLE_OBJC_ARC = YES;
				CLANG_WARN_BOOL_CONVERSION = YES;
				CLANG_WARN_CONSTANT_CONVERSION = YES;
				CLANG_WARN_DIRECT_OBJC_ISA_USAGE = YES_ERROR;
				CLANG_WARN_DOCUMENTATION_COMMENTS = YES;
				CLANG_WARN_EMPTY_BODY = YES;
				CLANG_WARN_ENUM_CONVERSION = YES;
				CLANG_WARN_INFINITE_RECURSION = YES;
				CLANG_WARN_INT_CONVERSION = YES;
				CLANG_WARN_OBJC_ROOT_CLASS = YES_ERROR;
				CLANG_WARN_SUSPICIOUS_MOVES = YES;
				CLANG_WARN_UNREACHABLE_CODE = YES;
				CLANG_WARN__DUPLICATE_METHOD_MATCH = YES;
				"CODE_SIGN_IDENTITY[sdk=iphoneos*]" = "iPhone Developer";
				COPY_PHASE_STRIP = NO;
				DEBUG_INFORMATION_FORMAT = "dwarf-with-dsym";
				ENABLE_NS_ASSERTIONS = NO;
				ENABLE_STRICT_OBJC_MSGSEND = YES;
				GCC_C_LANGUAGE_STANDARD = gnu99;
				GCC_NO_COMMON_BLOCKS = YES;
				GCC_WARN_64_TO_32_BIT_CONVERSION = YES;
				GCC_WARN_ABOUT_RETURN_TYPE = YES_ERROR;
				GCC_WARN_UNDECLARED_SELECTOR = YES;
				GCC_WARN_UNINITIALIZED_AUTOS = YES_AGGRESSIVE;
				GCC_WARN_UNUSED_FUNCTION = YES;
				GCC_WARN_UNUSED_VARIABLE = YES;
				IPHONEOS_DEPLOYMENT_TARGET = 10.0;
				MTL_ENABLE_DEBUG_INFO = NO;
				SDKROOT = iphoneos;
				SWIFT_OPTIMIZATION_LEVEL = "-Owholemodule";
				TARGETED_DEVICE_FAMILY = "1,2";
				VALIDATE_PRODUCT = YES;
			};
			name = Release;
		};
		246DBBE41DB6914A0080EB94 /* Debug */ = {
			isa = XCBuildConfiguration;
			buildSettings = {
				ASSETCATALOG_COMPILER_APPICON_NAME = AppIcon;
				INFOPLIST_FILE = SBTimeLabel/Info.plist;
				LD_RUNPATH_SEARCH_PATHS = "$(inherited) @executable_path/Frameworks";
				PRODUCT_BUNDLE_IDENTIFIER = com.iworkinprogress.SBTimeLabel;
				PRODUCT_NAME = "$(TARGET_NAME)";
				SWIFT_VERSION = 3.0;
			};
			name = Debug;
		};
		246DBBE51DB6914A0080EB94 /* Release */ = {
			isa = XCBuildConfiguration;
			buildSettings = {
				ASSETCATALOG_COMPILER_APPICON_NAME = AppIcon;
				INFOPLIST_FILE = SBTimeLabel/Info.plist;
				LD_RUNPATH_SEARCH_PATHS = "$(inherited) @executable_path/Frameworks";
				PRODUCT_BUNDLE_IDENTIFIER = com.iworkinprogress.SBTimeLabel;
				PRODUCT_NAME = "$(TARGET_NAME)";
				SWIFT_VERSION = 3.0;
			};
			name = Release;
		};
		246DBBE71DB6914A0080EB94 /* Debug */ = {
			isa = XCBuildConfiguration;
			buildSettings = {
				ALWAYS_EMBED_SWIFT_STANDARD_LIBRARIES = YES;
				BUNDLE_LOADER = "$(TEST_HOST)";
				INFOPLIST_FILE = SBTimeLabelTests/Info.plist;
				LD_RUNPATH_SEARCH_PATHS = "$(inherited) @executable_path/Frameworks @loader_path/Frameworks";
				PRODUCT_BUNDLE_IDENTIFIER = com.iworkinprogress.SBTimeLabelTests;
				PRODUCT_NAME = "$(TARGET_NAME)";
				SWIFT_VERSION = 3.0;
				TEST_HOST = "$(BUILT_PRODUCTS_DIR)/SBTimeLabel.app/SBTimeLabel";
			};
			name = Debug;
		};
		246DBBE81DB6914A0080EB94 /* Release */ = {
			isa = XCBuildConfiguration;
			buildSettings = {
				ALWAYS_EMBED_SWIFT_STANDARD_LIBRARIES = YES;
				BUNDLE_LOADER = "$(TEST_HOST)";
				INFOPLIST_FILE = SBTimeLabelTests/Info.plist;
				LD_RUNPATH_SEARCH_PATHS = "$(inherited) @executable_path/Frameworks @loader_path/Frameworks";
				PRODUCT_BUNDLE_IDENTIFIER = com.iworkinprogress.SBTimeLabelTests;
				PRODUCT_NAME = "$(TARGET_NAME)";
				SWIFT_VERSION = 3.0;
				TEST_HOST = "$(BUILT_PRODUCTS_DIR)/SBTimeLabel.app/SBTimeLabel";
			};
			name = Release;
		};
/* End XCBuildConfiguration section */

/* Begin XCConfigurationList section */
		246DBBC11DB6914A0080EB94 /* Build configuration list for PBXProject "SBTimeLabel" */ = {
			isa = XCConfigurationList;
			buildConfigurations = (
				246DBBE11DB6914A0080EB94 /* Debug */,
				246DBBE21DB6914A0080EB94 /* Release */,
			);
			defaultConfigurationIsVisible = 0;
			defaultConfigurationName = Release;
		};
		246DBBE31DB6914A0080EB94 /* Build configuration list for PBXNativeTarget "SBTimeLabel" */ = {
			isa = XCConfigurationList;
			buildConfigurations = (
				246DBBE41DB6914A0080EB94 /* Debug */,
				246DBBE51DB6914A0080EB94 /* Release */,
			);
			defaultConfigurationIsVisible = 0;
			defaultConfigurationName = Release;
		};
		246DBBE61DB6914A0080EB94 /* Build configuration list for PBXNativeTarget "SBTimeLabelTests" */ = {
			isa = XCConfigurationList;
			buildConfigurations = (
				246DBBE71DB6914A0080EB94 /* Debug */,
				246DBBE81DB6914A0080EB94 /* Release */,
			);
			defaultConfigurationIsVisible = 0;
			defaultConfigurationName = Release;
		};
/* End XCConfigurationList section */
	};
	rootObject = 246DBBBE1DB6914A0080EB94 /* Project object */;
}
